github.com/go-errors/errors v1.0.2 h1:xMxH9j2fNg/L4hLn/4y3M0IUsn0M6Wbu/Uh9QlOfBh4=
github.com/go-errors/errors v1.0.2/go.mod h1:psDX2osz5VnTOnFWbDeWwS7yejl+uV3FEWEp4lssFEs=
github.com/gobwas/glob v0.2.3 h1:A4xDbljILXROh+kObIiy5kIaPYD8e96x1tgBhUI5J+Y=
github.com/gobwas/glob v0.2.3/go.mod h1:d3Ez4x06l9bZtSvzIay5+Yzi0fmZzPgnTbPcKjJAkT8=
github.com/moisespsena-go/error-wrap v0.0.0-20190401221633-16a254c7a0f6 h1:PqBedZ5lStCri6t+mXOk7jDt2itUpwA7BZ1V3j7bQBU=
github.com/moisespsena-go/error-wrap v0.0.0-20190401221633-16a254c7a0f6/go.mod h1:yrSo541xFER/cxsm37eUkpNh/eunMR98ttxwtKRIk6w=
github.com/moisespsena-go/file-utils v0.0.0-20190401220920-85c17946ea65 h1:lO0AH5xWvKcHBxJJxbtJc7zaKzRQILXLQfKIqbaEaeE=
github.com/moisespsena-go/file-utils v0.0.0-20190401220920-85c17946ea65/go.mod h1:n54vAjsYfXCppQUlHVAzEoSVF9jaCzoONFBeMb1dEdY=
github.com/moisespsena-go/http-common v0.0.0-20190131203920-d04a3f750ad8 h1:YN+mLnG02ruCerg9jNmPTl7S2WXJwltDWyw9TEEGW0Q=
github.com/moisespsena-go/http-common v0.0.0-20190131203920-d04a3f750ad8/go.mod h1:iU/2CqglhBIgyQz/xw7W4XYXO40KQzLqSZNk/I38FUg=
github.com/moisespsena-go/io-common v0.0.1 h1:eJzTkDn+BhnmnK/Hd7P0TBhkzvbthTDlposLCz6MarQ=
github.com/moisespsena-go/io-common v0.0.1/go.mod h1:+nKtJmQJSVJgqQOXAKQ/zP0Ak5cfNgNMMxW3AtwsQGw=
github.com/moisespsena-go/os-common v0.0.0-20190613183041-3ed619843d2b h1:K16QI4Q/eGPmPN9+E//v7XFZ1zSQ3MFi654dAx2OtzA=
github.com/moisespsena-go/os-common v0.0.0-20190613183041-3ed619843d2b/go.mod h1:WqsDBnksx1mTfTn7zn6KjmOEQDIA0Le8uxQHBuSKAYU=
github.com/moisespsena-go/path-helpers v0.0.1 h1:ZXn2eXYAKlxwrmWlmsSpZ0S+UcB0xDFHvzHPz+2607o=
github.com/moisespsena-go/path-helpers v0.0.1/go.mod h1:wgQw5+Ei7COdNIwKFG8eC1jyDDpTOIjjkrWPBZe1XU0=
github.com/moisespsena/orderedmap v0.0.0-20170706045105-61d33b4465c3 h1:Mlq0ptWmoXqAKGhg4Klqi5qVPXm8eZeRoU9f4Bdj/J0=
github.com/moisespsena/orderedmap v0.0.0-20170706045105-61d33b4465c3/go.mod h1:BFc6wCohmOcAZaFyqwgKB/MfsrZKaDgp3AXRsSEMIgI=
github.com/phayes/permbits v0.0.0-20190612203442-39d7c581d2ee h1:P6U24L02WMfj9ymZTxl7CxS73JC99x3ukk+DBkgQGQs=
github.com/phayes/permbits v0.0.0-20190612203442-39d7c581d2ee/go.mod h1:3uODdxMgOaPYeWU7RzZLxVtJHZ/x1f/iHkBZuKJDzuY=
github.com/pkg/errors v0.9.1 h1:FEBLx1zS214owpjy7qsBeixbURkuhQAwrK5UwLGTwt4=
github.com/pkg/errors v0.9.1/go.mod h1:bwawxfHBFNV+L2hUp1rHADufV3IMtnDRdf1r5NINEl0=
gopkg.in/djherbis/times.v1 v1.2.0 h1:UCvDKl1L/fmBygl2Y7hubXCnY7t4Yj46ZrBFNUipFbM=
gopkg.in/djherbis/times.v1 v1.2.0/go.mod h1:AQlg6unIsrsCEdQYhTzERy542dz6SFdQFZFv6mUY0P8=
