github.com/felixge/tcpkeepalive v0.0.0-20160804073959-5bb0b2dea91e h1:mVIjvOd7NckIwf9J4hLB2YWXBYjhREF4vBeZXZ8mrWM=
github.com/felixge/tcpkeepalive v0.0.0-20160804073959-5bb0b2dea91e/go.mod h1:z0yk3Pix6k848RFizhkU4uY36ts5pB1t3toBwudGbBo=
github.com/go-chi/chi v1.0.0 h1:s/kv1cTXfivYjdKJdyUzNGyAWZ/2t7duW1gKn5ivu+c=
github.com/go-chi/chi v4.1.1+incompatible h1:MmTgB0R8Bt/jccxp+t6S/1VGIKdJw5J74CK/c9tTfA4=
github.com/go-chi/chi v4.1.1+incompatible/go.mod h1:eB3wogJHnLi3x/kFX2A+IbTBlXxmMeXJVKy9tTv1XzQ=
github.com/go-errors/errors v1.0.2 h1:xMxH9j2fNg/L4hLn/4y3M0IUsn0M6Wbu/Uh9QlOfBh4=
github.com/go-errors/errors v1.0.2/go.mod h1:psDX2osz5VnTOnFWbDeWwS7yejl+uV3FEWEp4lssFEs=
github.com/gobwas/glob v0.2.3 h1:A4xDbljILXROh+kObIiy5kIaPYD8e96x1tgBhUI5J+Y=
github.com/gobwas/glob v0.2.3/go.mod h1:d3Ez4x06l9bZtSvzIay5+Yzi0fmZzPgnTbPcKjJAkT8=
github.com/google/go-cmp v0.4.0/go.mod h1:v8dTdLbMG2kIc/vJvl+f65V22dbkXbowE6jgT/gNBxE=
github.com/klauspost/compress v1.10.5 h1:7q6vHIqubShURwQz8cQK6yIe/xC3IF0Vm7TGfqjewrc=
github.com/klauspost/compress v1.10.5/go.mod h1:aoV0uJVorq1K+umq18yTdKaF57EivdYsUV+/s2qKfXs=
github.com/maruel/panicparse v1.4.1 h1:YtNovYb/yc/WVxRG4FH8cJb0JuZsysu3jqaOfSHsC+U=
github.com/maruel/panicparse v1.4.1/go.mod h1:aOutY/MUjdj80R0AEVI9qE2zHqig+67t2ffUDDiLzAM=
github.com/mattn/go-colorable v0.1.6 h1:6Su7aK7lXmJ/U79bYtBjLNaha4Fs1Rg9plHpcH+vvnE=
github.com/mattn/go-colorable v0.1.6/go.mod h1:u6P/XSegPjTcexA+o6vUJrdnUu04hMope9wVRipJSqc=
github.com/mattn/go-isatty v0.0.12 h1:wuysRhFDzyxgEmMf5xjvJ2M9dZoWAXNNr5LSBS7uHXY=
github.com/mattn/go-isatty v0.0.12/go.mod h1:cbi8OIDigv2wuxKPP5vlRcQ1OAZbq2CE4Kysco4FUpU=
github.com/mgutz/ansi v0.0.0-20170206155736-9520e82c474b h1:j7+1HpAFS1zy5+Q4qx1fWh90gTKwiN4QCGoY9TWyyO4=
github.com/mgutz/ansi v0.0.0-20170206155736-9520e82c474b/go.mod h1:01TrycV0kFyexm33Z7vhZRXopbI8J3TDReVlkTgMUxE=
github.com/moisespsena-go/default-logger v0.0.0-20191023151346-68eb5ce996c1 h1:lC/IMPL7vR5LkC4RbHPqM0aGHZ033q0wlCICnYTWAdo=
github.com/moisespsena-go/default-logger v0.0.0-20191023151346-68eb5ce996c1/go.mod h1:vZob9Vd38r8kGSYbOYTqbfV2zGapc8JlEFER40xp7EU=
github.com/moisespsena-go/error-wrap v0.0.0-20190401221633-16a254c7a0f6 h1:PqBedZ5lStCri6t+mXOk7jDt2itUpwA7BZ1V3j7bQBU=
github.com/moisespsena-go/error-wrap v0.0.0-20190401221633-16a254c7a0f6/go.mod h1:yrSo541xFER/cxsm37eUkpNh/eunMR98ttxwtKRIk6w=
github.com/moisespsena-go/file-utils v0.0.0-20190401220920-85c17946ea65 h1:lO0AH5xWvKcHBxJJxbtJc7zaKzRQILXLQfKIqbaEaeE=
github.com/moisespsena-go/file-utils v0.0.0-20190401220920-85c17946ea65/go.mod h1:n54vAjsYfXCppQUlHVAzEoSVF9jaCzoONFBeMb1dEdY=
github.com/moisespsena-go/http-common v0.0.0-20190131203920-d04a3f750ad8 h1:YN+mLnG02ruCerg9jNmPTl7S2WXJwltDWyw9TEEGW0Q=
github.com/moisespsena-go/http-common v0.0.0-20190131203920-d04a3f750ad8/go.mod h1:iU/2CqglhBIgyQz/xw7W4XYXO40KQzLqSZNk/I38FUg=
github.com/moisespsena-go/httpu v0.0.0-20200313203958-b3255810c425 h1:ifW36TSbaxAooH++fpSqoke+evWQLBmFa+FnKpD+Caw=
github.com/moisespsena-go/httpu v0.0.0-20200313203958-b3255810c425/go.mod h1:zzzmGa0F0s8dI5NSSRU+fa+j+bspULp1N0xxehJawqk=
github.com/moisespsena-go/io-common v0.0.1 h1:eJzTkDn+BhnmnK/Hd7P0TBhkzvbthTDlposLCz6MarQ=
github.com/moisespsena-go/io-common v0.0.1/go.mod h1:+nKtJmQJSVJgqQOXAKQ/zP0Ak5cfNgNMMxW3AtwsQGw=
github.com/moisespsena-go/logging v0.0.1 h1:osh2vkRGaw47xg6W9nPv2bQnQd/KOsdhLLWQC/ihc5A=
github.com/moisespsena-go/logging v0.0.1/go.mod h1:chspTycy0Z9CvZOs5KOE32kDRuskZTFuZzSq8Vggyv4=
github.com/moisespsena-go/middleware v0.0.0-20200313204045-6c5e6142ed90 h1:NQeY3JUL6O7QAbi+Bwxd4bLobY9KPss/WEPax235M/c=
github.com/moisespsena-go/middleware v0.0.0-20200313204045-6c5e6142ed90/go.mod h1:CS0gk3mESk/c2MS+I1meCTBMpgu5G8aPpECJY8KwO2g=
github.com/moisespsena-go/os-common v0.0.0-20190613183041-3ed619843d2b h1:K16QI4Q/eGPmPN9+E//v7XFZ1zSQ3MFi654dAx2OtzA=
github.com/moisespsena-go/os-common v0.0.0-20190613183041-3ed619843d2b/go.mod h1:WqsDBnksx1mTfTn7zn6KjmOEQDIA0Le8uxQHBuSKAYU=
github.com/moisespsena-go/path-helpers v0.0.1 h1:ZXn2eXYAKlxwrmWlmsSpZ0S+UcB0xDFHvzHPz+2607o=
github.com/moisespsena-go/path-helpers v0.0.1/go.mod h1:wgQw5+Ei7COdNIwKFG8eC1jyDDpTOIjjkrWPBZe1XU0=
github.com/moisespsena-go/task v0.0.0-20200206142025-cc2ce8a81ecc h1:lX3yat+auRe2Jqwhsv/+K2mB5y4lNQhHFWi8HdMExBs=
github.com/moisespsena-go/task v0.0.0-20200206142025-cc2ce8a81ecc/go.mod h1:/+Om2W3UX87elTr4vCNiyu/0r00CBxcHzsTpSubwwTs=
github.com/moisespsena-go/tracederror v0.0.0-20200313204331-c667eb22a347 h1:ytaNqeUgrZx4C1v40zDfxma8kIjujS1tgP+P8yg3ozQ=
github.com/moisespsena-go/tracederror v0.0.0-20200313204331-c667eb22a347/go.mod h1:yC1e09pvvzJhXIiWVjnRvSrCnz1zQxPBaPL4V1gVIyc=
github.com/moisespsena/orderedmap v0.0.0-20170706045105-61d33b4465c3 h1:Mlq0ptWmoXqAKGhg4Klqi5qVPXm8eZeRoU9f4Bdj/J0=
github.com/moisespsena/orderedmap v0.0.0-20170706045105-61d33b4465c3/go.mod h1:BFc6wCohmOcAZaFyqwgKB/MfsrZKaDgp3AXRsSEMIgI=
github.com/phayes/permbits v0.0.0-20190612203442-39d7c581d2ee h1:P6U24L02WMfj9ymZTxl7CxS73JC99x3ukk+DBkgQGQs=
github.com/phayes/permbits v0.0.0-20190612203442-39d7c581d2ee/go.mod h1:3uODdxMgOaPYeWU7RzZLxVtJHZ/x1f/iHkBZuKJDzuY=
github.com/pkg/errors v0.9.1 h1:FEBLx1zS214owpjy7qsBeixbURkuhQAwrK5UwLGTwt4=
github.com/pkg/errors v0.9.1/go.mod h1:bwawxfHBFNV+L2hUp1rHADufV3IMtnDRdf1r5NINEl0=
golang.org/x/crypto v0.0.0-20190308221718-c2843e01d9a2/go.mod h1:djNgcEr1/C05ACkg1iLfiJU5Ep61QUkGW8qpdssI0+w=
golang.org/x/net v0.0.0-20200519113804-d87ec0cfa476 h1:E7ct1C6/33eOdrGZKMoyntcEvs2dwZnDe30crG5vpYU=
golang.org/x/net v0.0.0-20200519113804-d87ec0cfa476/go.mod h1:qpuaurCH72eLCgpAm/N6yyVIVM9cpaDIP3A8BGJEC5A=
golang.org/x/sys v0.0.0-20190215142949-d0b11bdaac8a/go.mod h1:STP8DvDyc/dI5b8T5hshtkjS+E42TnysNCUPdjciGhY=
golang.org/x/sys v0.0.0-20200116001909-b77594299b42/go.mod h1:h1NjWce9XRLGQEsW7wpKNCjG9DtNlClVuFLEZdDNbEs=
golang.org/x/sys v0.0.0-20200223170610-d5e6a3e2c0ae/go.mod h1:h1NjWce9XRLGQEsW7wpKNCjG9DtNlClVuFLEZdDNbEs=
golang.org/x/sys v0.0.0-20200323222414-85ca7c5b95cd h1:xhmwyvizuTgC2qz7ZlMluP20uW+C3Rm0FD/WLDX8884=
golang.org/x/sys v0.0.0-20200323222414-85ca7c5b95cd/go.mod h1:h1NjWce9XRLGQEsW7wpKNCjG9DtNlClVuFLEZdDNbEs=
golang.org/x/text v0.3.0 h1:g61tztE5qeGQ89tm6NTjjM9VPIm088od1l6aSorWRWg=
golang.org/x/text v0.3.0/go.mod h1:NqM8EUOU14njkJ3fqMW+pc6Ldnwhi/IjpwHt7yyuwOQ=
golang.org/x/xerrors v0.0.0-20191204190536-9bdfabe68543/go.mod h1:I/5z698sn9Ka8TeJc9MKroUUfqBBauWjQqLJ2OPfmY0=
gopkg.in/djherbis/times.v1 v1.2.0 h1:UCvDKl1L/fmBygl2Y7hubXCnY7t4Yj46ZrBFNUipFbM=
gopkg.in/djherbis/times.v1 v1.2.0/go.mod h1:AQlg6unIsrsCEdQYhTzERy542dz6SFdQFZFv6mUY0P8=
